
Microsoft Visual Studio Solution File, Format Version 12.00
# Visual Studio Version 16
VisualStudioVersion = 25.0.1704.4
MinimumVisualStudioVersion = 10.0.40219.1
Project("{FAE04EC0-301F-11D3-BF4B-00C04F79EFBC}") = "ToDoApi", "ToDoApi\ToDoApi.csproj", "{8DC02B99-8275-4991-926C-F7ABB7B0D79F}"
EndProject
Global
	GlobalSection(SolutionConfigurationPlatforms) = preSolution
		Debug|Any CPU = Debug|Any CPU
		Release|Any CPU = Release|Any CPU
	EndGlobalSection
	GlobalSection(ProjectConfigurationPlatforms) = postSolution
		{8DC02B99-8275-4991-926C-F7ABB7B0D79F}.Debug|Any CPU.ActiveCfg = Debug|Any CPU
		{8DC02B99-8275-4991-926C-F7ABB7B0D79F}.Debug|Any CPU.Build.0 = Debug|Any CPU
		{8DC02B99-8275-4991-926C-F7ABB7B0D79F}.Release|Any CPU.ActiveCfg = Release|Any CPU
		{8DC02B99-8275-4991-926C-F7ABB7B0D79F}.Release|Any CPU.Build.0 = Release|Any CPU
	EndGlobalSection
	GlobalSection(SolutionProperties) = preSolution
		HideSolutionNode = FALSE
	EndGlobalSection
	GlobalSection(ExtensibilityGlobals) = postSolution
		SolutionGuid = {F0D7ECCB-F121-450B-8AE8-845F09987114}
	EndGlobalSection
EndGlobal
